
Microsoft Visual Studio Solution File, Format Version 12.00
# Visual Studio Version 17
VisualStudioVersion = 17.4.33205.214
MinimumVisualStudioVersion = 10.0.40219.1
Project("{FAE04EC0-301F-11D3-BF4B-00C04F79EFBC}") = "WFC2", "WFC2\WFC2.csproj", "{485A4DEA-60EB-4FCD-B849-B4618AC90D3E}"
EndProject
Project("{2150E333-8FDC-42A3-9474-1A3956D46DE8}") = "Solution Items", "Solution Items", "{5C170347-344C-40B3-AC7E-A3CF7771FBAF}"
	ProjectSection(SolutionItems) = preProject
		Class2.cs = Class2.cs
	EndProjectSection
EndProject
Global
	GlobalSection(SolutionConfigurationPlatforms) = preSolution
		Debug|Any CPU = Debug|Any CPU
		Release|Any CPU = Release|Any CPU
	EndGlobalSection
	GlobalSection(ProjectConfigurationPlatforms) = postSolution
		{485A4DEA-60EB-4FCD-B849-B4618AC90D3E}.Debug|Any CPU.ActiveCfg = Debug|Any CPU
		{485A4DEA-60EB-4FCD-B849-B4618AC90D3E}.Debug|Any CPU.Build.0 = Debug|Any CPU
		{485A4DEA-60EB-4FCD-B849-B4618AC90D3E}.Release|Any CPU.ActiveCfg = Release|Any CPU
		{485A4DEA-60EB-4FCD-B849-B4618AC90D3E}.Release|Any CPU.Build.0 = Release|Any CPU
	EndGlobalSection
	GlobalSection(SolutionProperties) = preSolution
		HideSolutionNode = FALSE
	EndGlobalSection
	GlobalSection(ExtensibilityGlobals) = postSolution
		SolutionGuid = {C4B62255-3545-4292-9416-B9D8DE4C5F39}
	EndGlobalSection
EndGlobal
